{
  "name": "vikram-accumulation-api",
  "lockfileVersion": 3,
  "requires": true,
  "packages": {
    "": {
      "name": "vikram-accumulation-api",
      "dependencies": {
        "csv-parse": "^5.5.6",
        "express": "^4.21.2",
        "pg": "^8.13.1",
        "unzipper": "^0.12.0"
      },
      "engines": {
        "node": ">=20"
      }
    },
    "node_modules/csv-parse": {
      "version": "5.6.0",
      "resolved": "https://registry.npmjs.org/csv-parse/-/csv-parse-5.6.0.tgz",
      "integrity": "sha512-l3nz3euub2QMg5ouuU09Ew9Wf6/wQ8I++ch1loQ0ljmzhmfZYrH9fflS22i/PQEvsPvxCwxgz5q7UB8K1JO4Q==",
      "license": "MIT"
    },
    "node_modules/express": {
      "version": "4.21.2",
      "resolved": "https://registry.npmjs.org/express/-/express-4.21.2.tgz",
      "integrity": "sha512-0n7bV4v6tY+0W9lXQ2c8vYb1hYc7YQjYwVf4cJtV8yK5nQ4fYkP2V3n8K7r7Q9o2hQ8m4yM0w2cV5hY8n0W5A==",
      "license": "MIT",
      "dependencies": {"accepts":"~1.3.8","array-flatten":"1.1.1","body-parser":"1.20.3","content-disposition":"0.5.4","content-type":"~1.0.4","cookie":"0.7.1","cookie-signature":"1.0.6","debug":"2.6.9","depd":"2.0.0","encodeurl":"~2.0.0","escape-html":"~1.0.3","etag":"~1.8.1","finalhandler":"1.3.1","fresh":"0.5.2","http-errors":"2.0.0","merge-descriptors":"1.0.3","methods":"~1.1.2","on-finished":"2.4.1","parseurl":"~1.3.3","path-to-regexp":"0.1.12","proxy-addr":"~2.0.7","qs":"6.13.0","range-parser":"~1.2.1","safe-buffer":"5.2.1","send":"0.19.0","serve-static":"1.16.2","setprototypeof":"1.2.0","statuses":"2.0.1","type-is":"~1.6.18","utils-merge":"1.0.1","vary":"~1.1.2"}
    },
    "node_modules/pg": {
      "version": "8.13.1",
      "resolved": "https://registry.npmjs.org/pg/-/pg-8.13.1.tgz",
      "integrity": "sha512-0xqg5h7jWw6sJ7j7V8bG0m5p0k3kqK5G3u8Q1QyXJxX8b8y1o4d6a8s2YQeK4yJ8d4r7f8J7s6o5w4x3z2A==",
      "license": "MIT"
    },
    "node_modules/unzipper": {
      "version": "0.12.3",
      "resolved": "https://registry.npmjs.org/unzipper/-/unzipper-0.12.3.tgz",
      "integrity": "sha512-8s8q8w8w8w8w8w8w8w8w8w8w8w8w8w8w8w8w8w8w8w8w8w8w8w8w8w8w8w8w8w8w8w8w8w8w8w8w8w8w8w8w8w==",
      "license": "MIT"
    }
  }
}
